// !$*UTF8*$!
{
	archiveVersion = 1;
	classes = {
	};
	objectVersion = 77;
	objects = {

/* Begin PBXBuildFile section */
		45D85C31AAD85774A38CD86A /* RideMath.swift in Sources */ = {isa = PBXBuildFile; fileRef = 6F34DC577741D2914F4E7097 /* RideMath.swift */; };
		CA4B58FFC43ABBD3024F833D /* RideMathTests.swift in Sources */ = {isa = PBXBuildFile; fileRef = 892409F810D183A992AB1B6A /* RideMathTests.swift */; };
		FB18E81E3058787A0172787C /* ContentView.swift in Sources */ = {isa = PBXBuildFile; fileRef = 118244E4025256FD83DD7E80 /* ContentView.swift */; };
		FDE5EE4F26BE8827ABB3E329 /* FixtureApp.swift in Sources */ = {isa = PBXBuildFile; fileRef = 05E19676B541D84D6F99CC93 /* FixtureApp.swift */; };
/* End PBXBuildFile section */

/* Begin PBXContainerItemProxy section */
		782A378BFA697ED4D39E931F /* PBXContainerItemProxy */ = {
			isa = PBXContainerItemProxy;
			containerPortal = EC7BB1BA2BF63C78AF9C5D30 /* Project object */;
			proxyType = 1;
			remoteGlobalIDString = 018250BFD451489DD2547603;
			remoteInfo = FixtureApp;
		};
/* End PBXContainerItemProxy section */

/* Begin PBXFileReference section */
		05E19676B541D84D6F99CC93 /* FixtureApp.swift */ = {isa = PBXFileReference; lastKnownFileType = sourcecode.swift; path = FixtureApp.swift; sourceTree = "<group>"; };
		118244E4025256FD83DD7E80 /* ContentView.swift */ = {isa = PBXFileReference; lastKnownFileType = sourcecode.swift; path = ContentView.swift; sourceTree = "<group>"; };
		6F34DC577741D2914F4E7097 /* RideMath.swift */ = {isa = PBXFileReference; lastKnownFileType = sourcecode.swift; path = RideMath.swift; sourceTree = "<group>"; };
		76CD3F43F6E82529923A1720 /* FixtureAppTests.xctest */ = {isa = PBXFileReference; includeInIndex = 0; lastKnownFileType = wrapper.cfbundle; path = FixtureAppTests.xctest; sourceTree = BUILT_PRODUCTS_DIR; };
		892409F810D183A992AB1B6A /* RideMathTests.swift */ = {isa = PBXFileReference; lastKnownFileType = sourcecode.swift; path = RideMathTests.swift; sourceTree = "<group>"; };
		F99C696A410E302B3760C1CD /* FixtureApp.app */ = {isa = PBXFileReference; includeInIndex = 0; lastKnownFileType = wrapper.application; path = FixtureApp.app; sourceTree = BUILT_PRODUCTS_DIR; };
/* End PBXFileReference section */

/* Begin PBXGroup section */
		2C72FF9127187362F4A7FB3F /* FixtureAppTests */ = {
			isa = PBXGroup;
			children = (
				892409F810D183A992AB1B6A /* RideMathTests.swift */,
			);
			path = FixtureAppTests;
			sourceTree = "<group>";
		};
		AAA1A0396FE7BD2DAED3139D /* Products */ = {
			isa = PBXGroup;
			children = (
				F99C696A410E302B3760C1CD /* FixtureApp.app */,
				76CD3F43F6E82529923A1720 /* FixtureAppTests.xctest */,
			);
			name = Products;
			sourceTree = "<group>";
		};
		AAD6DFD80C5F83689F3790CA = {
			isa = PBXGroup;
			children = (
				2C72FF9127187362F4A7FB3F /* FixtureAppTests */,
				BF34E9BD48C337F4F003282D /* Sources */,
				AAA1A0396FE7BD2DAED3139D /* Products */,
			);
			sourceTree = "<group>";
		};
		BF34E9BD48C337F4F003282D /* Sources */ = {
			isa = PBXGroup;
			children = (
				118244E4025256FD83DD7E80 /* ContentView.swift */,
				05E19676B541D84D6F99CC93 /* FixtureApp.swift */,
				6F34DC577741D2914F4E7097 /* RideMath.swift */,
			);
			name = Sources;
			path = FixtureApp/Sources;
			sourceTree = "<group>";
		};
/* End PBXGroup section */

/* Begin PBXNativeTarget section */
		018250BFD451489DD2547603 /* FixtureApp */ = {
			isa = PBXNativeTarget;
			buildConfigurationList = DDAE50FEFDC128141ACDAF7F /* Build configuration list for PBXNativeTarget "FixtureApp" */;
			buildPhases = (
				2CC8ACABA770EBB5D1C7FF42 /* Sources */,
			);
			buildRules = (
			);
			dependencies = (
			);
			name = FixtureApp;
			packageProductDependencies = (
			);
			productName = FixtureApp;
			productReference = F99C696A410E302B3760C1CD /* FixtureApp.app */;
			productType = "com.apple.product-type.application";
		};
		1F8C267D1B9877C396DE3F2A /* FixtureAppTests */ = {
			isa = PBXNativeTarget;
			buildConfigurationList = 3BB7AE97FA75DE0DB61F6541 /* Build configuration list for PBXNativeTarget "FixtureAppTests" */;
			buildPhases = (
				9837949DBF5843C066C44E80 /* Sources */,
			);
			buildRules = (
			);
			dependencies = (
				ED7389F0A085A255D5216272 /* PBXTargetDependency */,
			);
			name = FixtureAppTests;
			packageProductDependencies = (
			);
			productName = FixtureAppTests;
			productReference = 76CD3F43F6E82529923A1720 /* FixtureAppTests.xctest */;
			productType = "com.apple.product-type.bundle.unit-test";
		};
/* End PBXNativeTarget section */

/* Begin PBXProject section */
		EC7BB1BA2BF63C78AF9C5D30 /* Project object */ = {
			isa = PBXProject;
			attributes = {
				BuildIndependentTargetsInParallel = YES;
				LastUpgradeCheck = 1600;
				TargetAttributes = {
					018250BFD451489DD2547603 = {
						DevelopmentTeam = "";
					};
					1F8C267D1B9877C396DE3F2A = {
						DevelopmentTeam = "";
					};
				};
			};
			buildConfigurationList = 4A05302B410348DCCF5B69E5 /* Build configuration list for PBXProject "FixtureApp" */;
			developmentRegion = en;
			hasScannedForEncodings = 0;
			knownRegions = (
				Base,
				en,
			);
			mainGroup = AAD6DFD80C5F83689F3790CA;
			minimizedProjectReferenceProxies = 1;
			preferredProjectObjectVersion = 77;
			productRefGroup = AAA1A0396FE7BD2DAED3139D /* Products */;
			projectDirPath = "";
			projectRoot = "";
			targets = (
				018250BFD451489DD2547603 /* FixtureApp */,
				1F8C267D1B9877C396DE3F2A /* FixtureAppTests */,
			);
		};
/* End PBXProject section */

/* Begin PBXSourcesBuildPhase section */
		2CC8ACABA770EBB5D1C7FF42 /* Sources */ = {
			isa = PBXSourcesBuildPhase;
			buildActionMask = 2147483647;
			files = (
				FB18E81E3058787A0172787C /* ContentView.swift in Sources */,
				FDE5EE4F26BE8827ABB3E329 /* FixtureApp.swift in Sources */,
				45D85C31AAD85774A38CD86A /* RideMath.swift in Sources */,
			);
			runOnlyForDeploymentPostprocessing = 0;
		};
		9837949DBF5843C066C44E80 /* Sources */ = {
			isa = PBXSourcesBuildPhase;
			buildActionMask = 2147483647;
			files = (
				CA4B58FFC43ABBD3024F833D /* RideMathTests.swift in Sources */,
			);
			runOnlyForDeploymentPostprocessing = 0;
		};
/* End PBXSourcesBuildPhase section */

/* Begin PBXTargetDependency section */
		ED7389F0A085A255D5216272 /* PBXTargetDependency */ = {
			isa = PBXTargetDependency;
			target = 018250BFD451489DD2547603 /* FixtureApp */;
			targetProxy = 782A378BFA697ED4D39E931F /* PBXContainerItemProxy */;
		};
/* End PBXTargetDependency section */

/* Begin XCBuildConfiguration section */
		1F1BC4BC303C207997B8EA05 /* Release */ = {
			isa = XCBuildConfiguration;
			buildSettings = {
				ALWAYS_SEARCH_USER_PATHS = NO;
				CLANG_ANALYZER_NONNULL = YES;
				CLANG_ANALYZER_NUMBER_OBJECT_CONVERSION = YES_AGGRESSIVE;
				CLANG_CXX_LANGUAGE_STANDARD = "gnu++14";
				CLANG_CXX_LIBRARY = "libc++";
				CLANG_ENABLE_MODULES = YES;
				CLANG_ENABLE_OBJC_ARC = YES;
				CLANG_ENABLE_OBJC_WEAK = YES;
				CLANG_WARN_BLOCK_CAPTURE_AUTORELEASING = YES;
				CLANG_WARN_BOOL_CONVERSION = YES;
				CLANG_WARN_COMMA = YES;
				CLANG_WARN_CONSTANT_CONVERSION = YES;
				CLANG_WARN_DEPRECATED_OBJC_IMPLEMENTATIONS = YES;
				CLANG_WARN_DIRECT_OBJC_ISA_USAGE = YES_ERROR;
				CLANG_WARN_DOCUMENTATION_COMMENTS = YES;
				CLANG_WARN_EMPTY_BODY = YES;
				CLANG_WARN_ENUM_CONVERSION = YES;
				CLANG_WARN_INFINITE_RECURSION = YES;
				CLANG_WARN_INT_CONVERSION = YES;
				CLANG_WARN_NON_LITERAL_NULL_CONVERSION = YES;
				CLANG_WARN_OBJC_IMPLICIT_RETAIN_SELF = YES;
				CLANG_WARN_OBJC_LITERAL_CONVERSION = YES;
				CLANG_WARN_OBJC_ROOT_CLASS = YES_ERROR;
				CLANG_WARN_QUOTED_INCLUDE_IN_FRAMEWORK_HEADER = YES;
				CLANG_WARN_RANGE_LOOP_ANALYSIS = YES;
				CLANG_WARN_STRICT_PROTOTYPES = YES;
				CLANG_WARN_SUSPICIOUS_MOVE = YES;
				CLANG_WARN_UNGUARDED_AVAILABILITY = YES_AGGRESSIVE;
				CLANG_WARN_UNREACHABLE_CODE = YES;
				CLANG_WARN__DUPLICATE_METHOD_MATCH = YES;
				COPY_PHASE_STRIP = NO;
				DEBUG_INFORMATION_FORMAT = "dwarf-with-dsym";
				DEVELOPMENT_TEAM = "";
				ENABLE_NS_ASSERTIONS = NO;
				ENABLE_STRICT_OBJC_MSGSEND = YES;
				GCC_C_LANGUAGE_STANDARD = gnu11;
				GCC_NO_COMMON_BLOCKS = YES;
				GCC_WARN_64_TO_32_BIT_CONVERSION = YES;
				GCC_WARN_ABOUT_RETURN_TYPE = YES_ERROR;
				GCC_WARN_UNDECLARED_SELECTOR = YES;
				GCC_WARN_UNINITIALIZED_AUTOS = YES_AGGRESSIVE;
				GCC_WARN_UNUSED_FUNCTION = YES;
				GCC_WARN_UNUSED_VARIABLE = YES;
				IPHONEOS_DEPLOYMENT_TARGET = 26.0;
				MTL_ENABLE_DEBUG_INFO = NO;
				MTL_FAST_MATH = YES;
				PRODUCT_NAME = "$(TARGET_NAME)";
				SDKROOT = iphoneos;
				SWIFT_COMPILATION_MODE = wholemodule;
				SWIFT_OPTIMIZATION_LEVEL = "-O";
				SWIFT_VERSION = 6.0;
			};
			name = Release;
		};
		41D5A6D5AC0C7AAAF747EF76 /* Release */ = {
			isa = XCBuildConfiguration;
			buildSettings = {
				ASSETCATALOG_COMPILER_APPICON_NAME = AppIcon;
				CODE_SIGNING_ALLOWED = NO;
				CODE_SIGNING_REQUIRED = NO;
				CODE_SIGN_IDENTITY = "";
				ENABLE_BITCODE = NO;
				ENABLE_PREVIEWS = NO;
				GENERATE_INFOPLIST_FILE = YES;
				IPHONEOS_DEPLOYMENT_TARGET = 26.0;
				LD_RUNPATH_SEARCH_PATHS = (
					"$(inherited)",
					"@executable_path/Frameworks",
				);
				PRODUCT_BUNDLE_IDENTIFIER = com.kevinmorton.OrbFixture;
				SDKROOT = iphoneos;
				SWIFT_VERSION = 6.0;
				TARGETED_DEVICE_FAMILY = "1,2";
			};
			name = Release;
		};
		5610E9980439F7CBB8FCA215 /* Debug */ = {
			isa = XCBuildConfiguration;
			buildSettings = {
				ASSETCATALOG_COMPILER_APPICON_NAME = AppIcon;
				CODE_SIGNING_ALLOWED = NO;
				CODE_SIGNING_REQUIRED = NO;
				CODE_SIGN_IDENTITY = "";
				ENABLE_BITCODE = NO;
				ENABLE_PREVIEWS = NO;
				GENERATE_INFOPLIST_FILE = YES;
				IPHONEOS_DEPLOYMENT_TARGET = 26.0;
				LD_RUNPATH_SEARCH_PATHS = (
					"$(inherited)",
					"@executable_path/Frameworks",
				);
				PRODUCT_BUNDLE_IDENTIFIER = com.kevinmorton.OrbFixture;
				SDKROOT = iphoneos;
				SWIFT_VERSION = 6.0;
				TARGETED_DEVICE_FAMILY = "1,2";
			};
			name = Debug;
		};
		59B051422839F05BB9C227B6 /* Debug */ = {
			isa = XCBuildConfiguration;
			buildSettings = {
				ALWAYS_SEARCH_USER_PATHS = NO;
				CLANG_ANALYZER_NONNULL = YES;
				CLANG_ANALYZER_NUMBER_OBJECT_CONVERSION = YES_AGGRESSIVE;
				CLANG_CXX_LANGUAGE_STANDARD = "gnu++14";
				CLANG_CXX_LIBRARY = "libc++";
				CLANG_ENABLE_MODULES = YES;
				CLANG_ENABLE_OBJC_ARC = YES;
				CLANG_ENABLE_OBJC_WEAK = YES;
				CLANG_WARN_BLOCK_CAPTURE_AUTORELEASING = YES;
				CLANG_WARN_BOOL_CONVERSION = YES;
				CLANG_WARN_COMMA = YES;
				CLANG_WARN_CONSTANT_CONVERSION = YES;
				CLANG_WARN_DEPRECATED_OBJC_IMPLEMENTATIONS = YES;
				CLANG_WARN_DIRECT_OBJC_ISA_USAGE = YES_ERROR;
				CLANG_WARN_DOCUMENTATION_COMMENTS = YES;
				CLANG_WARN_EMPTY_BODY = YES;
				CLANG_WARN_ENUM_CONVERSION = YES;
				CLANG_WARN_INFINITE_RECURSION = YES;
				CLANG_WARN_INT_CONVERSION = YES;
				CLANG_WARN_NON_LITERAL_NULL_CONVERSION = YES;
				CLANG_WARN_OBJC_IMPLICIT_RETAIN_SELF = YES;
				CLANG_WARN_OBJC_LITERAL_CONVERSION = YES;
				CLANG_WARN_OBJC_ROOT_CLASS = YES_ERROR;
				CLANG_WARN_QUOTED_INCLUDE_IN_FRAMEWORK_HEADER = YES;
				CLANG_WARN_RANGE_LOOP_ANALYSIS = YES;
				CLANG_WARN_STRICT_PROTOTYPES = YES;
				CLANG_WARN_SUSPICIOUS_MOVE = YES;
				CLANG_WARN_UNGUARDED_AVAILABILITY = YES_AGGRESSIVE;
				CLANG_WARN_UNREACHABLE_CODE = YES;
				CLANG_WARN__DUPLICATE_METHOD_MATCH = YES;
				COPY_PHASE_STRIP = NO;
				DEBUG_INFORMATION_FORMAT = dwarf;
				DEVELOPMENT_TEAM = "";
				ENABLE_STRICT_OBJC_MSGSEND = YES;
				ENABLE_TESTABILITY = YES;
				GCC_C_LANGUAGE_STANDARD = gnu11;
				GCC_DYNAMIC_NO_PIC = NO;
				GCC_NO_COMMON_BLOCKS = YES;
				GCC_OPTIMIZATION_LEVEL = 0;
				GCC_PREPROCESSOR_DEFINITIONS = (
					"$(inherited)",
					"DEBUG=1",
				);
				GCC_WARN_64_TO_32_BIT_CONVERSION = YES;
				GCC_WARN_ABOUT_RETURN_TYPE = YES_ERROR;
				GCC_WARN_UNDECLARED_SELECTOR = YES;
				GCC_WARN_UNINITIALIZED_AUTOS = YES_AGGRESSIVE;
				GCC_WARN_UNUSED_FUNCTION = YES;
				GCC_WARN_UNUSED_VARIABLE = YES;
				IPHONEOS_DEPLOYMENT_TARGET = 26.0;
				MTL_ENABLE_DEBUG_INFO = INCLUDE_SOURCE;
				MTL_FAST_MATH = YES;
				ONLY_ACTIVE_ARCH = YES;
				PRODUCT_NAME = "$(TARGET_NAME)";
				SDKROOT = iphoneos;
				SWIFT_ACTIVE_COMPILATION_CONDITIONS = DEBUG;
				SWIFT_OPTIMIZATION_LEVEL = "-Onone";
				SWIFT_VERSION = 6.0;
			};
			name = Debug;
		};
		8D1A64CC40B7F7BA53ECB5E6 /* Release */ = {
			isa = XCBuildConfiguration;
			buildSettings = {
				BUNDLE_LOADER = "$(TEST_HOST)";
				CODE_SIGNING_ALLOWED = NO;
				CODE_SIGNING_REQUIRED = NO;
				CODE_SIGN_IDENTITY = "";
				IPHONEOS_DEPLOYMENT_TARGET = 26.0;
				LD_RUNPATH_SEARCH_PATHS = (
					"$(inherited)",
					"@executable_path/Frameworks",
					"@loader_path/Frameworks",
				);
				PRODUCT_BUNDLE_IDENTIFIER = com.kevinmorton.OrbFixtureTests;
				SDKROOT = iphoneos;
				SWIFT_VERSION = 6.0;
				TARGETED_DEVICE_FAMILY = "1,2";
				TEST_HOST = "$(BUILT_PRODUCTS_DIR)/FixtureApp.app/$(BUNDLE_EXECUTABLE_FOLDER_PATH)/FixtureApp";
			};
			name = Release;
		};
		B1DFFD2E8943842001B59E43 /* Debug */ = {
			isa = XCBuildConfiguration;
			buildSettings = {
				BUNDLE_LOADER = "$(TEST_HOST)";
				CODE_SIGNING_ALLOWED = NO;
				CODE_SIGNING_REQUIRED = NO;
				CODE_SIGN_IDENTITY = "";
				IPHONEOS_DEPLOYMENT_TARGET = 26.0;
				LD_RUNPATH_SEARCH_PATHS = (
					"$(inherited)",
					"@executable_path/Frameworks",
					"@loader_path/Frameworks",
				);
				PRODUCT_BUNDLE_IDENTIFIER = com.kevinmorton.OrbFixtureTests;
				SDKROOT = iphoneos;
				SWIFT_VERSION = 6.0;
				TARGETED_DEVICE_FAMILY = "1,2";
				TEST_HOST = "$(BUILT_PRODUCTS_DIR)/FixtureApp.app/$(BUNDLE_EXECUTABLE_FOLDER_PATH)/FixtureApp";
			};
			name = Debug;
		};
/* End XCBuildConfiguration section */

/* Begin XCConfigurationList section */
		3BB7AE97FA75DE0DB61F6541 /* Build configuration list for PBXNativeTarget "FixtureAppTests" */ = {
			isa = XCConfigurationList;
			buildConfigurations = (
				B1DFFD2E8943842001B59E43 /* Debug */,
				8D1A64CC40B7F7BA53ECB5E6 /* Release */,
			);
			defaultConfigurationIsVisible = 0;
			defaultConfigurationName = Debug;
		};
		4A05302B410348DCCF5B69E5 /* Build configuration list for PBXProject "FixtureApp" */ = {
			isa = XCConfigurationList;
			buildConfigurations = (
				59B051422839F05BB9C227B6 /* Debug */,
				1F1BC4BC303C207997B8EA05 /* Release */,
			);
			defaultConfigurationIsVisible = 0;
			defaultConfigurationName = Debug;
		};
		DDAE50FEFDC128141ACDAF7F /* Build configuration list for PBXNativeTarget "FixtureApp" */ = {
			isa = XCConfigurationList;
			buildConfigurations = (
				5610E9980439F7CBB8FCA215 /* Debug */,
				41D5A6D5AC0C7AAAF747EF76 /* Release */,
			);
			defaultConfigurationIsVisible = 0;
			defaultConfigurationName = Debug;
		};
/* End XCConfigurationList section */
	};
	rootObject = EC7BB1BA2BF63C78AF9C5D30 /* Project object */;
}
